<Solution>
  <Project Path="Gamehook.Api/Gamehook.Api.csproj" />
  <Project Path="Gamehook.Domain/Gamehook.Domain.csproj" />
  <Project Path="Gamehook.Infrastructure/Gamehook.Infrastructure.csproj" />
  <Project Path="Gamehook.Tests/Gamehook.Tests.csproj" />
  <Project Path="Gamehook.UI/Gamehook.UI.csproj" />
</Solution>
